// !$*UTF8*$!
{
	archiveVersion = 1;
	classes = {
	};
	objectVersion = 56;
	objects = {

/* Begin PBXBuildFile section */
		990EB5A12BEDF02B00EFA308 /* DemoApp.swift in Sources */ = {isa = PBXBuildFile; fileRef = 990EB5A02BEDF02B00EFA308 /* DemoApp.swift */; };
		990EB5A32BEDF02B00EFA308 /* SignInView.swift in Sources */ = {isa = PBXBuildFile; fileRef = 990EB5A22BEDF02B00EFA308 /* SignInView.swift */; };
		990EB5A52BEDF02D00EFA308 /* Assets.xcassets in Resources */ = {isa = PBXBuildFile; fileRef = 990EB5A42BEDF02D00EFA308 /* Assets.xcassets */; };
		990EB5A92BEDF02D00EFA308 /* Preview Assets.xcassets in Resources */ = {isa = PBXBuildFile; fileRef = 990EB5A82BEDF02D00EFA308 /* Preview Assets.xcassets */; };
		9964BCFF2BEDF1180065CBC2 /* SignInViewModel.swift in Sources */ = {isa = PBXBuildFile; fileRef = 9964BCFE2BEDF1180065CBC2 /* SignInViewModel.swift */; };
		9964BD042BEDF2690065CBC2 /* PovioKitAuth in Resources */ = {isa = PBXBuildFile; fileRef = 9964BD032BEDF2690065CBC2 /* PovioKitAuth */; };
		9964BD072BEDF2810065CBC2 /* PovioKitAuthApple in Frameworks */ = {isa = PBXBuildFile; productRef = 9964BD062BEDF2810065CBC2 /* PovioKitAuthApple */; };
		9964BD092BEDF2810065CBC2 /* PovioKitAuthCore in Frameworks */ = {isa = PBXBuildFile; productRef = 9964BD082BEDF2810065CBC2 /* PovioKitAuthCore */; };
		9964BD0B2BEDF2810065CBC2 /* PovioKitAuthFacebook in Frameworks */ = {isa = PBXBuildFile; productRef = 9964BD0A2BEDF2810065CBC2 /* PovioKitAuthFacebook */; };
		9964BD0D2BEDF2810065CBC2 /* PovioKitAuthGoogle in Frameworks */ = {isa = PBXBuildFile; productRef = 9964BD0C2BEDF2810065CBC2 /* PovioKitAuthGoogle */; };
		9964BD0F2BEDF2810065CBC2 /* PovioKitAuthLinkedIn in Frameworks */ = {isa = PBXBuildFile; productRef = 9964BD0E2BEDF2810065CBC2 /* PovioKitAuthLinkedIn */; };
		999C56EB2C046BF50093AD37 /* PovioKitCore in Frameworks */ = {isa = PBXBuildFile; productRef = 999C56EA2C046BF50093AD37 /* PovioKitCore */; };
/* End PBXBuildFile section */

/* Begin PBXFileReference section */
		990EB59D2BEDF02B00EFA308 /* PovioKitAuthDemo.app */ = {isa = PBXFileReference; explicitFileType = wrapper.application; includeInIndex = 0; path = PovioKitAuthDemo.app; sourceTree = BUILT_PRODUCTS_DIR; };
		990EB5A02BEDF02B00EFA308 /* DemoApp.swift */ = {isa = PBXFileReference; lastKnownFileType = sourcecode.swift; path = DemoApp.swift; sourceTree = "<group>"; };
		990EB5A22BEDF02B00EFA308 /* SignInView.swift */ = {isa = PBXFileReference; lastKnownFileType = sourcecode.swift; path = SignInView.swift; sourceTree = "<group>"; };
		990EB5A42BEDF02D00EFA308 /* Assets.xcassets */ = {isa = PBXFileReference; lastKnownFileType = folder.assetcatalog; path = Assets.xcassets; sourceTree = "<group>"; };
		990EB5A62BEDF02D00EFA308 /* PovioKitAuthDemo.entitlements */ = {isa = PBXFileReference; lastKnownFileType = text.plist.entitlements; path = PovioKitAuthDemo.entitlements; sourceTree = "<group>"; };
		990EB5A82BEDF02D00EFA308 /* Preview Assets.xcassets */ = {isa = PBXFileReference; lastKnownFileType = folder.assetcatalog; path = "Preview Assets.xcassets"; sourceTree = "<group>"; };
		9964BCFE2BEDF1180065CBC2 /* SignInViewModel.swift */ = {isa = PBXFileReference; lastKnownFileType = sourcecode.swift; path = SignInViewModel.swift; sourceTree = "<group>"; };
		9964BD032BEDF2690065CBC2 /* PovioKitAuth */ = {isa = PBXFileReference; lastKnownFileType = wrapper; name = PovioKitAuth; path = ../..; sourceTree = "<group>"; };
/* End PBXFileReference section */

/* Begin PBXFrameworksBuildPhase section */
		990EB59A2BEDF02B00EFA308 /* Frameworks */ = {
			isa = PBXFrameworksBuildPhase;
			buildActionMask = 2147483647;
			files = (
				9964BD092BEDF2810065CBC2 /* PovioKitAuthCore in Frameworks */,
				9964BD072BEDF2810065CBC2 /* PovioKitAuthApple in Frameworks */,
				9964BD0F2BEDF2810065CBC2 /* PovioKitAuthLinkedIn in Frameworks */,
				9964BD0D2BEDF2810065CBC2 /* PovioKitAuthGoogle in Frameworks */,
				999C56EB2C046BF50093AD37 /* PovioKitCore in Frameworks */,
				9964BD0B2BEDF2810065CBC2 /* PovioKitAuthFacebook in Frameworks */,
			);
			runOnlyForDeploymentPostprocessing = 0;
		};
/* End PBXFrameworksBuildPhase section */

/* Begin PBXGroup section */
		990EB5942BEDF02B00EFA308 = {
			isa = PBXGroup;
			children = (
				9964BD002BEDF21B0065CBC2 /* Packages */,
				990EB59F2BEDF02B00EFA308 /* PovioKitAuthDemo */,
				990EB59E2BEDF02B00EFA308 /* Products */,
				9964BD052BEDF2810065CBC2 /* Frameworks */,
			);
			sourceTree = "<group>";
		};
		990EB59E2BEDF02B00EFA308 /* Products */ = {
			isa = PBXGroup;
			children = (
				990EB59D2BEDF02B00EFA308 /* PovioKitAuthDemo.app */,
			);
			name = Products;
			sourceTree = "<group>";
		};
		990EB59F2BEDF02B00EFA308 /* PovioKitAuthDemo */ = {
			isa = PBXGroup;
			children = (
				990EB5A02BEDF02B00EFA308 /* DemoApp.swift */,
				990EB5A22BEDF02B00EFA308 /* SignInView.swift */,
				9964BCFE2BEDF1180065CBC2 /* SignInViewModel.swift */,
				990EB5A42BEDF02D00EFA308 /* Assets.xcassets */,
				990EB5A62BEDF02D00EFA308 /* PovioKitAuthDemo.entitlements */,
				990EB5A72BEDF02D00EFA308 /* Preview Content */,
			);
			path = PovioKitAuthDemo;
			sourceTree = "<group>";
		};
		990EB5A72BEDF02D00EFA308 /* Preview Content */ = {
			isa = PBXGroup;
			children = (
				990EB5A82BEDF02D00EFA308 /* Preview Assets.xcassets */,
			);
			path = "Preview Content";
			sourceTree = "<group>";
		};
		9964BD002BEDF21B0065CBC2 /* Packages */ = {
			isa = PBXGroup;
			children = (
				9964BD032BEDF2690065CBC2 /* PovioKitAuth */,
			);
			path = Packages;
			sourceTree = "<group>";
		};
		9964BD052BEDF2810065CBC2 /* Frameworks */ = {
			isa = PBXGroup;
			children = (
			);
			name = Frameworks;
			sourceTree = "<group>";
		};
/* End PBXGroup section */

/* Begin PBXNativeTarget section */
		990EB59C2BEDF02B00EFA308 /* PovioKitAuthDemo */ = {
			isa = PBXNativeTarget;
			buildConfigurationList = 990EB5AC2BEDF02D00EFA308 /* Build configuration list for PBXNativeTarget "PovioKitAuthDemo" */;
			buildPhases = (
				990EB5992BEDF02B00EFA308 /* Sources */,
				990EB59A2BEDF02B00EFA308 /* Frameworks */,
				990EB59B2BEDF02B00EFA308 /* Resources */,
			);
			buildRules = (
			);
			dependencies = (
			);
			name = PovioKitAuthDemo;
			packageProductDependencies = (
				9964BD062BEDF2810065CBC2 /* PovioKitAuthApple */,
				9964BD082BEDF2810065CBC2 /* PovioKitAuthCore */,
				9964BD0A2BEDF2810065CBC2 /* PovioKitAuthFacebook */,
				9964BD0C2BEDF2810065CBC2 /* PovioKitAuthGoogle */,
				9964BD0E2BEDF2810065CBC2 /* PovioKitAuthLinkedIn */,
				999C56EA2C046BF50093AD37 /* PovioKitCore */,
			);
			productName = PovioKitAuthDemo;
			productReference = 990EB59D2BEDF02B00EFA308 /* PovioKitAuthDemo.app */;
			productType = "com.apple.product-type.application";
		};
/* End PBXNativeTarget section */

/* Begin PBXProject section */
		990EB5952BEDF02B00EFA308 /* Project object */ = {
			isa = PBXProject;
			attributes = {
				BuildIndependentTargetsInParallel = 1;
				LastSwiftUpdateCheck = 1530;
				LastUpgradeCheck = 1540;
				ORGANIZATIONNAME = "Povio Inc.";
				TargetAttributes = {
					990EB59C2BEDF02B00EFA308 = {
						CreatedOnToolsVersion = 15.3;
					};
				};
			};
			buildConfigurationList = 990EB5982BEDF02B00EFA308 /* Build configuration list for PBXProject "PovioKitAuthDemo" */;
			compatibilityVersion = "Xcode 14.0";
			developmentRegion = en;
			hasScannedForEncodings = 0;
			knownRegions = (
				en,
				Base,
			);
			mainGroup = 990EB5942BEDF02B00EFA308;
			packageReferences = (
				999C56E92C046BF50093AD37 /* XCRemoteSwiftPackageReference "PovioKit" */,
			);
			productRefGroup = 990EB59E2BEDF02B00EFA308 /* Products */;
			projectDirPath = "";
			projectRoot = "";
			targets = (
				990EB59C2BEDF02B00EFA308 /* PovioKitAuthDemo */,
			);
		};
/* End PBXProject section */

/* Begin PBXResourcesBuildPhase section */
		990EB59B2BEDF02B00EFA308 /* Resources */ = {
			isa = PBXResourcesBuildPhase;
			buildActionMask = 2147483647;
			files = (
				990EB5A92BEDF02D00EFA308 /* Preview Assets.xcassets in Resources */,
				9964BD042BEDF2690065CBC2 /* PovioKitAuth in Resources */,
				990EB5A52BEDF02D00EFA308 /* Assets.xcassets in Resources */,
			);
			runOnlyForDeploymentPostprocessing = 0;
		};
/* End PBXResourcesBuildPhase section */

/* Begin PBXSourcesBuildPhase section */
		990EB5992BEDF02B00EFA308 /* Sources */ = {
			isa = PBXSourcesBuildPhase;
			buildActionMask = 2147483647;
			files = (
				990EB5A32BEDF02B00EFA308 /* SignInView.swift in Sources */,
				990EB5A12BEDF02B00EFA308 /* DemoApp.swift in Sources */,
				9964BCFF2BEDF1180065CBC2 /* SignInViewModel.swift in Sources */,
			);
			runOnlyForDeploymentPostprocessing = 0;
		};
/* End PBXSourcesBuildPhase section */

/* Begin XCBuildConfiguration section */
		990EB5AA2BEDF02D00EFA308 /* Debug */ = {
			isa = XCBuildConfiguration;
			buildSettings = {
				ALWAYS_SEARCH_USER_PATHS = NO;
				ASSETCATALOG_COMPILER_GENERATE_SWIFT_ASSET_SYMBOL_EXTENSIONS = YES;
				CLANG_ANALYZER_NONNULL = YES;
				CLANG_ANALYZER_NUMBER_OBJECT_CONVERSION = YES_AGGRESSIVE;
				CLANG_CXX_LANGUAGE_STANDARD = "gnu++20";
				CLANG_ENABLE_MODULES = YES;
				CLANG_ENABLE_OBJC_ARC = YES;
				CLANG_ENABLE_OBJC_WEAK = YES;
				CLANG_WARN_BLOCK_CAPTURE_AUTORELEASING = YES;
				CLANG_WARN_BOOL_CONVERSION = YES;
				CLANG_WARN_COMMA = YES;
				CLANG_WARN_CONSTANT_CONVERSION = YES;
				CLANG_WARN_DEPRECATED_OBJC_IMPLEMENTATIONS = YES;
				CLANG_WARN_DIRECT_OBJC_ISA_USAGE = YES_ERROR;
				CLANG_WARN_DOCUMENTATION_COMMENTS = YES;
				CLANG_WARN_EMPTY_BODY = YES;
				CLANG_WARN_ENUM_CONVERSION = YES;
				CLANG_WARN_INFINITE_RECURSION = YES;
				CLANG_WARN_INT_CONVERSION = YES;
				CLANG_WARN_NON_LITERAL_NULL_CONVERSION = YES;
				CLANG_WARN_OBJC_IMPLICIT_RETAIN_SELF = YES;
				CLANG_WARN_OBJC_LITERAL_CONVERSION = YES;
				CLANG_WARN_OBJC_ROOT_CLASS = YES_ERROR;
				CLANG_WARN_QUOTED_INCLUDE_IN_FRAMEWORK_HEADER = YES;
				CLANG_WARN_RANGE_LOOP_ANALYSIS = YES;
				CLANG_WARN_STRICT_PROTOTYPES = YES;
				CLANG_WARN_SUSPICIOUS_MOVE = YES;
				CLANG_WARN_UNGUARDED_AVAILABILITY = YES_AGGRESSIVE;
				CLANG_WARN_UNREACHABLE_CODE = YES;
				CLANG_WARN__DUPLICATE_METHOD_MATCH = YES;
				COPY_PHASE_STRIP = NO;
				DEAD_CODE_STRIPPING = YES;
				DEBUG_INFORMATION_FORMAT = dwarf;
				ENABLE_STRICT_OBJC_MSGSEND = YES;
				ENABLE_TESTABILITY = YES;
				ENABLE_USER_SCRIPT_SANDBOXING = YES;
				GCC_C_LANGUAGE_STANDARD = gnu17;
				GCC_DYNAMIC_NO_PIC = NO;
				GCC_NO_COMMON_BLOCKS = YES;
				GCC_OPTIMIZATION_LEVEL = 0;
				GCC_PREPROCESSOR_DEFINITIONS = (
					"DEBUG=1",
					"$(inherited)",
				);
				GCC_WARN_64_TO_32_BIT_CONVERSION = YES;
				GCC_WARN_ABOUT_RETURN_TYPE = YES_ERROR;
				GCC_WARN_UNDECLARED_SELECTOR = YES;
				GCC_WARN_UNINITIALIZED_AUTOS = YES_AGGRESSIVE;
				GCC_WARN_UNUSED_FUNCTION = YES;
				GCC_WARN_UNUSED_VARIABLE = YES;
				LOCALIZATION_PREFERS_STRING_CATALOGS = YES;
				MTL_ENABLE_DEBUG_INFO = INCLUDE_SOURCE;
				MTL_FAST_MATH = YES;
				ONLY_ACTIVE_ARCH = YES;
				SWIFT_ACTIVE_COMPILATION_CONDITIONS = "DEBUG $(inherited)";
				SWIFT_OPTIMIZATION_LEVEL = "-Onone";
			};
			name = Debug;
		};
		990EB5AB2BEDF02D00EFA308 /* Release */ = {
			isa = XCBuildConfiguration;
			buildSettings = {
				ALWAYS_SEARCH_USER_PATHS = NO;
				ASSETCATALOG_COMPILER_GENERATE_SWIFT_ASSET_SYMBOL_EXTENSIONS = YES;
				CLANG_ANALYZER_NONNULL = YES;
				CLANG_ANALYZER_NUMBER_OBJECT_CONVERSION = YES_AGGRESSIVE;
				CLANG_CXX_LANGUAGE_STANDARD = "gnu++20";
				CLANG_ENABLE_MODULES = YES;
				CLANG_ENABLE_OBJC_ARC = YES;
				CLANG_ENABLE_OBJC_WEAK = YES;
				CLANG_WARN_BLOCK_CAPTURE_AUTORELEASING = YES;
				CLANG_WARN_BOOL_CONVERSION = YES;
				CLANG_WARN_COMMA = YES;
				CLANG_WARN_CONSTANT_CONVERSION = YES;
				CLANG_WARN_DEPRECATED_OBJC_IMPLEMENTATIONS = YES;
				CLANG_WARN_DIRECT_OBJC_ISA_USAGE = YES_ERROR;
				CLANG_WARN_DOCUMENTATION_COMMENTS = YES;
				CLANG_WARN_EMPTY_BODY = YES;
				CLANG_WARN_ENUM_CONVERSION = YES;
				CLANG_WARN_INFINITE_RECURSION = YES;
				CLANG_WARN_INT_CONVERSION = YES;
				CLANG_WARN_NON_LITERAL_NULL_CONVERSION = YES;
				CLANG_WARN_OBJC_IMPLICIT_RETAIN_SELF = YES;
				CLANG_WARN_OBJC_LITERAL_CONVERSION = YES;
				CLANG_WARN_OBJC_ROOT_CLASS = YES_ERROR;
				CLANG_WARN_QUOTED_INCLUDE_IN_FRAMEWORK_HEADER = YES;
				CLANG_WARN_RANGE_LOOP_ANALYSIS = YES;
				CLANG_WARN_STRICT_PROTOTYPES = YES;
				CLANG_WARN_SUSPICIOUS_MOVE = YES;
				CLANG_WARN_UNGUARDED_AVAILABILITY = YES_AGGRESSIVE;
				CLANG_WARN_UNREACHABLE_CODE = YES;
				CLANG_WARN__DUPLICATE_METHOD_MATCH = YES;
				COPY_PHASE_STRIP = NO;
				DEAD_CODE_STRIPPING = YES;
				DEBUG_INFORMATION_FORMAT = "dwarf-with-dsym";
				ENABLE_NS_ASSERTIONS = NO;
				ENABLE_STRICT_OBJC_MSGSEND = YES;
				ENABLE_USER_SCRIPT_SANDBOXING = YES;
				GCC_C_LANGUAGE_STANDARD = gnu17;
				GCC_NO_COMMON_BLOCKS = YES;
				GCC_WARN_64_TO_32_BIT_CONVERSION = YES;
				GCC_WARN_ABOUT_RETURN_TYPE = YES_ERROR;
				GCC_WARN_UNDECLARED_SELECTOR = YES;
				GCC_WARN_UNINITIALIZED_AUTOS = YES_AGGRESSIVE;
				GCC_WARN_UNUSED_FUNCTION = YES;
				GCC_WARN_UNUSED_VARIABLE = YES;
				LOCALIZATION_PREFERS_STRING_CATALOGS = YES;
				MTL_ENABLE_DEBUG_INFO = NO;
				MTL_FAST_MATH = YES;
				SWIFT_COMPILATION_MODE = wholemodule;
			};
			name = Release;
		};
		990EB5AD2BEDF02D00EFA308 /* Debug */ = {
			isa = XCBuildConfiguration;
			buildSettings = {
				ASSETCATALOG_COMPILER_APPICON_NAME = AppIcon;
				ASSETCATALOG_COMPILER_GLOBAL_ACCENT_COLOR_NAME = AccentColor;
				CODE_SIGN_ENTITLEMENTS = PovioKitAuthDemo/PovioKitAuthDemo.entitlements;
				CODE_SIGN_STYLE = Automatic;
				CURRENT_PROJECT_VERSION = 1;
				DEAD_CODE_STRIPPING = YES;
				DEVELOPMENT_ASSET_PATHS = "\"PovioKitAuthDemo/Preview Content\"";
				DEVELOPMENT_TEAM = 7G58AP3AJX;
				ENABLE_HARDENED_RUNTIME = YES;
				ENABLE_PREVIEWS = YES;
				GENERATE_INFOPLIST_FILE = YES;
				"INFOPLIST_KEY_UIApplicationSceneManifest_Generation[sdk=iphoneos*]" = YES;
				"INFOPLIST_KEY_UIApplicationSceneManifest_Generation[sdk=iphonesimulator*]" = YES;
				"INFOPLIST_KEY_UIApplicationSupportsIndirectInputEvents[sdk=iphoneos*]" = YES;
				"INFOPLIST_KEY_UIApplicationSupportsIndirectInputEvents[sdk=iphonesimulator*]" = YES;
				"INFOPLIST_KEY_UILaunchScreen_Generation[sdk=iphoneos*]" = YES;
				"INFOPLIST_KEY_UILaunchScreen_Generation[sdk=iphonesimulator*]" = YES;
				"INFOPLIST_KEY_UIStatusBarStyle[sdk=iphoneos*]" = UIStatusBarStyleDefault;
				"INFOPLIST_KEY_UIStatusBarStyle[sdk=iphonesimulator*]" = UIStatusBarStyleDefault;
				INFOPLIST_KEY_UISupportedInterfaceOrientations = UIInterfaceOrientationPortrait;
				INFOPLIST_KEY_UISupportedInterfaceOrientations_iPad = "UIInterfaceOrientationLandscapeLeft UIInterfaceOrientationLandscapeRight UIInterfaceOrientationPortrait UIInterfaceOrientationPortraitUpsideDown";
				IPHONEOS_DEPLOYMENT_TARGET = 17.0;
				LD_RUNPATH_SEARCH_PATHS = "@executable_path/Frameworks";
				"LD_RUNPATH_SEARCH_PATHS[sdk=macosx*]" = "@executable_path/../Frameworks";
				MACOSX_DEPLOYMENT_TARGET = 14.4;
				MARKETING_VERSION = 1.0;
				PRODUCT_BUNDLE_IDENTIFIER = com.povio.poviokitauth.demo;
				PRODUCT_NAME = "$(TARGET_NAME)";
				SDKROOT = auto;
				SUPPORTED_PLATFORMS = "iphoneos iphonesimulator";
				SUPPORTS_MACCATALYST = NO;
				SWIFT_EMIT_LOC_STRINGS = YES;
				SWIFT_VERSION = 5.0;
				TARGETED_DEVICE_FAMILY = 1;
			};
			name = Debug;
		};
		990EB5AE2BEDF02D00EFA308 /* Release */ = {
			isa = XCBuildConfiguration;
			buildSettings = {
				ASSETCATALOG_COMPILER_APPICON_NAME = AppIcon;
				ASSETCATALOG_COMPILER_GLOBAL_ACCENT_COLOR_NAME = AccentColor;
				CODE_SIGN_ENTITLEMENTS = PovioKitAuthDemo/PovioKitAuthDemo.entitlements;
				CODE_SIGN_STYLE = Automatic;
				CURRENT_PROJECT_VERSION = 1;
				DEAD_CODE_STRIPPING = YES;
				DEVELOPMENT_ASSET_PATHS = "\"PovioKitAuthDemo/Preview Content\"";
				DEVELOPMENT_TEAM = 7G58AP3AJX;
				ENABLE_HARDENED_RUNTIME = YES;
				ENABLE_PREVIEWS = YES;
				GENERATE_INFOPLIST_FILE = YES;
				"INFOPLIST_KEY_UIApplicationSceneManifest_Generation[sdk=iphoneos*]" = YES;
				"INFOPLIST_KEY_UIApplicationSceneManifest_Generation[sdk=iphonesimulator*]" = YES;
				"INFOPLIST_KEY_UIApplicationSupportsIndirectInputEvents[sdk=iphoneos*]" = YES;
				"INFOPLIST_KEY_UIApplicationSupportsIndirectInputEvents[sdk=iphonesimulator*]" = YES;
				"INFOPLIST_KEY_UILaunchScreen_Generation[sdk=iphoneos*]" = YES;
				"INFOPLIST_KEY_UILaunchScreen_Generation[sdk=iphonesimulator*]" = YES;
				"INFOPLIST_KEY_UIStatusBarStyle[sdk=iphoneos*]" = UIStatusBarStyleDefault;
				"INFOPLIST_KEY_UIStatusBarStyle[sdk=iphonesimulator*]" = UIStatusBarStyleDefault;
				INFOPLIST_KEY_UISupportedInterfaceOrientations = UIInterfaceOrientationPortrait;
				INFOPLIST_KEY_UISupportedInterfaceOrientations_iPad = "UIInterfaceOrientationLandscapeLeft UIInterfaceOrientationLandscapeRight UIInterfaceOrientationPortrait UIInterfaceOrientationPortraitUpsideDown";
				IPHONEOS_DEPLOYMENT_TARGET = 17.0;
				LD_RUNPATH_SEARCH_PATHS = "@executable_path/Frameworks";
				"LD_RUNPATH_SEARCH_PATHS[sdk=macosx*]" = "@executable_path/../Frameworks";
				MACOSX_DEPLOYMENT_TARGET = 14.4;
				MARKETING_VERSION = 1.0;
				PRODUCT_BUNDLE_IDENTIFIER = com.povio.poviokitauth.demo;
				PRODUCT_NAME = "$(TARGET_NAME)";
				SDKROOT = auto;
				SUPPORTED_PLATFORMS = "iphoneos iphonesimulator";
				SUPPORTS_MACCATALYST = NO;
				SWIFT_EMIT_LOC_STRINGS = YES;
				SWIFT_VERSION = 5.0;
				TARGETED_DEVICE_FAMILY = 1;
			};
			name = Release;
		};
/* End XCBuildConfiguration section */

/* Begin XCConfigurationList section */
		990EB5982BEDF02B00EFA308 /* Build configuration list for PBXProject "PovioKitAuthDemo" */ = {
			isa = XCConfigurationList;
			buildConfigurations = (
				990EB5AA2BEDF02D00EFA308 /* Debug */,
				990EB5AB2BEDF02D00EFA308 /* Release */,
			);
			defaultConfigurationIsVisible = 0;
			defaultConfigurationName = Release;
		};
		990EB5AC2BEDF02D00EFA308 /* Build configuration list for PBXNativeTarget "PovioKitAuthDemo" */ = {
			isa = XCConfigurationList;
			buildConfigurations = (
				990EB5AD2BEDF02D00EFA308 /* Debug */,
				990EB5AE2BEDF02D00EFA308 /* Release */,
			);
			defaultConfigurationIsVisible = 0;
			defaultConfigurationName = Release;
		};
/* End XCConfigurationList section */

/* Begin XCRemoteSwiftPackageReference section */
		999C56E92C046BF50093AD37 /* XCRemoteSwiftPackageReference "PovioKit" */ = {
			isa = XCRemoteSwiftPackageReference;
			repositoryURL = "https://github.com/poviolabs/PovioKit";
			requirement = {
				kind = upToNextMajorVersion;
				minimumVersion = 4.0.0;
			};
		};
/* End XCRemoteSwiftPackageReference section */

/* Begin XCSwiftPackageProductDependency section */
		9964BD062BEDF2810065CBC2 /* PovioKitAuthApple */ = {
			isa = XCSwiftPackageProductDependency;
			productName = PovioKitAuthApple;
		};
		9964BD082BEDF2810065CBC2 /* PovioKitAuthCore */ = {
			isa = XCSwiftPackageProductDependency;
			productName = PovioKitAuthCore;
		};
		9964BD0A2BEDF2810065CBC2 /* PovioKitAuthFacebook */ = {
			isa = XCSwiftPackageProductDependency;
			productName = PovioKitAuthFacebook;
		};
		9964BD0C2BEDF2810065CBC2 /* PovioKitAuthGoogle */ = {
			isa = XCSwiftPackageProductDependency;
			productName = PovioKitAuthGoogle;
		};
		9964BD0E2BEDF2810065CBC2 /* PovioKitAuthLinkedIn */ = {
			isa = XCSwiftPackageProductDependency;
			productName = PovioKitAuthLinkedIn;
		};
		999C56EA2C046BF50093AD37 /* PovioKitCore */ = {
			isa = XCSwiftPackageProductDependency;
			package = 999C56E92C046BF50093AD37 /* XCRemoteSwiftPackageReference "PovioKit" */;
			productName = PovioKitCore;
		};
/* End XCSwiftPackageProductDependency section */
	};
	rootObject = 990EB5952BEDF02B00EFA308 /* Project object */;
}
